
Microsoft Visual Studio Solution File, Format Version 12.00
# Visual Studio Version 17
VisualStudioVersion = 17.14.36511.14 d17.14
MinimumVisualStudioVersion = 10.0.40219.1
Project("{FAE04EC0-301F-11D3-BF4B-00C04F79EFBC}") = "HivottFelFelulet", "HivottFelFelulet.csproj", "{BDEBFF18-708B-4999-AECC-DF713F60C2AA}"
EndProject
Global
	GlobalSection(SolutionConfigurationPlatforms) = preSolution
		Debug|Any CPU = Debug|Any CPU
		Release|Any CPU = Release|Any CPU
	EndGlobalSection
	GlobalSection(ProjectConfigurationPlatforms) = postSolution
		{BDEBFF18-708B-4999-AECC-DF713F60C2AA}.Debug|Any CPU.ActiveCfg = Debug|Any CPU
		{BDEBFF18-708B-4999-AECC-DF713F60C2AA}.Debug|Any CPU.Build.0 = Debug|Any CPU
		{BDEBFF18-708B-4999-AECC-DF713F60C2AA}.Release|Any CPU.ActiveCfg = Release|Any CPU
		{BDEBFF18-708B-4999-AECC-DF713F60C2AA}.Release|Any CPU.Build.0 = Release|Any CPU
	EndGlobalSection
	GlobalSection(SolutionProperties) = preSolution
		HideSolutionNode = FALSE
	EndGlobalSection
	GlobalSection(ExtensibilityGlobals) = postSolution
		SolutionGuid = {BD6BFDE7-D3C5-460B-AB94-FA5EAFD1A4AD}
	EndGlobalSection
EndGlobal
